
Microsoft Visual Studio Solution File, Format Version 12.00
# Visual Studio Version 17
VisualStudioVersion = 17.4.33205.214
MinimumVisualStudioVersion = 10.0.40219.1
Project("{FAE04EC0-301F-11D3-BF4B-00C04F79EFBC}") = "Apple Gift Card", "Apple Gift Card.csproj", "{F8792C8A-541E-4C07-915F-67C6D7159A88}"
EndProject
Global
	GlobalSection(SolutionConfigurationPlatforms) = preSolution
		Debug|Any CPU = Debug|Any CPU
		Release|Any CPU = Release|Any CPU
	EndGlobalSection
	GlobalSection(ProjectConfigurationPlatforms) = postSolution
		{F8792C8A-541E-4C07-915F-67C6D7159A88}.Debug|Any CPU.ActiveCfg = Debug|Any CPU
		{F8792C8A-541E-4C07-915F-67C6D7159A88}.Debug|Any CPU.Build.0 = Debug|Any CPU
		{F8792C8A-541E-4C07-915F-67C6D7159A88}.Release|Any CPU.ActiveCfg = Release|Any CPU
		{F8792C8A-541E-4C07-915F-67C6D7159A88}.Release|Any CPU.Build.0 = Release|Any CPU
	EndGlobalSection
	GlobalSection(SolutionProperties) = preSolution
		HideSolutionNode = FALSE
	EndGlobalSection
	GlobalSection(ExtensibilityGlobals) = postSolution
		SolutionGuid = {A54637E1-6852-445C-931C-BC2C55F5FE45}
	EndGlobalSection
EndGlobal
